
Microsoft Visual Studio Solution File, Format Version 12.00
# Visual Studio 2012
Project("{FAE04EC0-301F-11D3-BF4B-00C04F79EFBC}") = "EmbeddedFileBuild", "EmbeddedFileBuild\EmbeddedFileBuild.csproj", "{022CA8B9-65CD-49F3-979B-870F802F9299}"
EndProject
Global
	GlobalSection(SolutionConfigurationPlatforms) = preSolution
		Debug|Any CPU = Debug|Any CPU
		Release|Any CPU = Release|Any CPU
	EndGlobalSection
	GlobalSection(ProjectConfigurationPlatforms) = postSolution
		{022CA8B9-65CD-49F3-979B-870F802F9299}.Debug|Any CPU.ActiveCfg = Debug|Any CPU
		{022CA8B9-65CD-49F3-979B-870F802F9299}.Debug|Any CPU.Build.0 = Debug|Any CPU
		{022CA8B9-65CD-49F3-979B-870F802F9299}.Release|Any CPU.ActiveCfg = Release|Any CPU
		{022CA8B9-65CD-49F3-979B-870F802F9299}.Release|Any CPU.Build.0 = Release|Any CPU
	EndGlobalSection
	GlobalSection(SolutionProperties) = preSolution
		HideSolutionNode = FALSE
	EndGlobalSection
EndGlobal
